
Microsoft Visual Studio Solution File, Format Version 12.00
# Visual Studio Version 17
VisualStudioVersion = 17.4.33213.308
MinimumVisualStudioVersion = 10.0.40219.1
Project("{8BC9CEB8-8B4A-11D0-8D11-00A0C91BC942}") = "FOR", "FOR\FOR.vcxproj", "{41B8038D-FFCD-4095-AB2B-893408B849DD}"
EndProject
Project("{8BC9CEB8-8B4A-11D0-8D11-00A0C91BC942}") = "Geometry", "Geometry\Geometry.vcxproj", "{347A6A05-E666-4828-AB9A-49EDE6B9AF8C}"
EndProject
Project("{8BC9CEB8-8B4A-11D0-8D11-00A0C91BC942}") = "FOS_DZ", "FOS_DZ\FOS_DZ.vcxproj", "{15832F25-BD2E-4701-B65D-BB48AE20E316}"
EndProject
Project("{8BC9CEB8-8B4A-11D0-8D11-00A0C91BC942}") = "Paskale", "Paskale\Paskale.vcxproj", "{546B0773-0E48-4A60-AE84-97B22EF608AD}"
EndProject
Global
	GlobalSection(SolutionConfigurationPlatforms) = preSolution
		Debug|x64 = Debug|x64
		Debug|x86 = Debug|x86
		Release|x64 = Release|x64
		Release|x86 = Release|x86
	EndGlobalSection
	GlobalSection(ProjectConfigurationPlatforms) = postSolution
		{41B8038D-FFCD-4095-AB2B-893408B849DD}.Debug|x64.ActiveCfg = Debug|x64
		{41B8038D-FFCD-4095-AB2B-893408B849DD}.Debug|x64.Build.0 = Debug|x64
		{41B8038D-FFCD-4095-AB2B-893408B849DD}.Debug|x86.ActiveCfg = Debug|Win32
		{41B8038D-FFCD-4095-AB2B-893408B849DD}.Debug|x86.Build.0 = Debug|Win32
		{41B8038D-FFCD-4095-AB2B-893408B849DD}.Release|x64.ActiveCfg = Release|x64
		{41B8038D-FFCD-4095-AB2B-893408B849DD}.Release|x64.Build.0 = Release|x64
		{41B8038D-FFCD-4095-AB2B-893408B849DD}.Release|x86.ActiveCfg = Release|Win32
		{41B8038D-FFCD-4095-AB2B-893408B849DD}.Release|x86.Build.0 = Release|Win32
		{347A6A05-E666-4828-AB9A-49EDE6B9AF8C}.Debug|x64.ActiveCfg = Debug|x64
		{347A6A05-E666-4828-AB9A-49EDE6B9AF8C}.Debug|x64.Build.0 = Debug|x64
		{347A6A05-E666-4828-AB9A-49EDE6B9AF8C}.Debug|x86.ActiveCfg = Debug|Win32
		{347A6A05-E666-4828-AB9A-49EDE6B9AF8C}.Debug|x86.Build.0 = Debug|Win32
		{347A6A05-E666-4828-AB9A-49EDE6B9AF8C}.Release|x64.ActiveCfg = Release|x64
		{347A6A05-E666-4828-AB9A-49EDE6B9AF8C}.Release|x64.Build.0 = Release|x64
		{347A6A05-E666-4828-AB9A-49EDE6B9AF8C}.Release|x86.ActiveCfg = Release|Win32
		{347A6A05-E666-4828-AB9A-49EDE6B9AF8C}.Release|x86.Build.0 = Release|Win32
		{15832F25-BD2E-4701-B65D-BB48AE20E316}.Debug|x64.ActiveCfg = Debug|x64
		{15832F25-BD2E-4701-B65D-BB48AE20E316}.Debug|x64.Build.0 = Debug|x64
		{15832F25-BD2E-4701-B65D-BB48AE20E316}.Debug|x86.ActiveCfg = Debug|Win32
		{15832F25-BD2E-4701-B65D-BB48AE20E316}.Debug|x86.Build.0 = Debug|Win32
		{15832F25-BD2E-4701-B65D-BB48AE20E316}.Release|x64.ActiveCfg = Release|x64
		{15832F25-BD2E-4701-B65D-BB48AE20E316}.Release|x64.Build.0 = Release|x64
		{15832F25-BD2E-4701-B65D-BB48AE20E316}.Release|x86.ActiveCfg = Release|Win32
		{15832F25-BD2E-4701-B65D-BB48AE20E316}.Release|x86.Build.0 = Release|Win32
		{546B0773-0E48-4A60-AE84-97B22EF608AD}.Debug|x64.ActiveCfg = Debug|x64
		{546B0773-0E48-4A60-AE84-97B22EF608AD}.Debug|x64.Build.0 = Debug|x64
		{546B0773-0E48-4A60-AE84-97B22EF608AD}.Debug|x86.ActiveCfg = Debug|Win32
		{546B0773-0E48-4A60-AE84-97B22EF608AD}.Debug|x86.Build.0 = Debug|Win32
		{546B0773-0E48-4A60-AE84-97B22EF608AD}.Release|x64.ActiveCfg = Release|x64
		{546B0773-0E48-4A60-AE84-97B22EF608AD}.Release|x64.Build.0 = Release|x64
		{546B0773-0E48-4A60-AE84-97B22EF608AD}.Release|x86.ActiveCfg = Release|Win32
		{546B0773-0E48-4A60-AE84-97B22EF608AD}.Release|x86.Build.0 = Release|Win32
	EndGlobalSection
	GlobalSection(SolutionProperties) = preSolution
		HideSolutionNode = FALSE
	EndGlobalSection
	GlobalSection(ExtensibilityGlobals) = postSolution
		SolutionGuid = {F9BE295A-9EB3-46C2-B635-25C74DEAE335}
	EndGlobalSection
EndGlobal
